// !$*UTF8*$!
{
	archiveVersion = 1;
	classes = {
	};
	objectVersion = 55;
	objects = {

/* Begin PBXBuildFile section */
		6B2FF29227FF222B001FCD4B /* AppDelegate.swift in Sources */ = {isa = PBXBuildFile; fileRef = 6B2FF29127FF222B001FCD4B /* AppDelegate.swift */; };
		6B2FF29627FF222B001FCD4B /* TodolistMainViewController.swift in Sources */ = {isa = PBXBuildFile; fileRef = 6B2FF29527FF222B001FCD4B /* TodolistMainViewController.swift */; };
		6B2FF29927FF222B001FCD4B /* TodolistMainViewController.storyboard in Resources */ = {isa = PBXBuildFile; fileRef = 6B2FF29727FF222B001FCD4B /* TodolistMainViewController.storyboard */; };
		6B2FF29B27FF222C001FCD4B /* Assets.xcassets in Resources */ = {isa = PBXBuildFile; fileRef = 6B2FF29A27FF222C001FCD4B /* Assets.xcassets */; };
		6B2FF29E27FF222C001FCD4B /* LaunchScreen.storyboard in Resources */ = {isa = PBXBuildFile; fileRef = 6B2FF29C27FF222C001FCD4B /* LaunchScreen.storyboard */; };
		6BEA0BFF281BF934007E7065 /* TabbarController.storyboard in Resources */ = {isa = PBXBuildFile; fileRef = 6BEA0BFE281BF934007E7065 /* TabbarController.storyboard */; };
		6BEA0C01281BF9BC007E7065 /* FavouritesViewController.swift in Sources */ = {isa = PBXBuildFile; fileRef = 6BEA0C00281BF9BC007E7065 /* FavouritesViewController.swift */; };
		6BEA0C03281BF9F9007E7065 /* FavourtiesViewController.storyboard in Resources */ = {isa = PBXBuildFile; fileRef = 6BEA0C02281BF9F9007E7065 /* FavourtiesViewController.storyboard */; };
		6BEA0C05281BFA2B007E7065 /* SearchViewController.swift in Sources */ = {isa = PBXBuildFile; fileRef = 6BEA0C04281BFA2B007E7065 /* SearchViewController.swift */; };
		6BEA0C07281BFA42007E7065 /* SearchViewController.storyboard in Resources */ = {isa = PBXBuildFile; fileRef = 6BEA0C06281BFA42007E7065 /* SearchViewController.storyboard */; };
		6BEA0C09281BFA8A007E7065 /* AddItemViewController.swift in Sources */ = {isa = PBXBuildFile; fileRef = 6BEA0C08281BFA8A007E7065 /* AddItemViewController.swift */; };
		6BEA0C0B281BFA9D007E7065 /* AddItemViewController.storyboard in Resources */ = {isa = PBXBuildFile; fileRef = 6BEA0C0A281BFA9D007E7065 /* AddItemViewController.storyboard */; };
/* End PBXBuildFile section */

/* Begin PBXFileReference section */
		6B2FF28E27FF222B001FCD4B /* ToDoList.app */ = {isa = PBXFileReference; explicitFileType = wrapper.application; includeInIndex = 0; path = ToDoList.app; sourceTree = BUILT_PRODUCTS_DIR; };
		6B2FF29127FF222B001FCD4B /* AppDelegate.swift */ = {isa = PBXFileReference; lastKnownFileType = sourcecode.swift; path = AppDelegate.swift; sourceTree = "<group>"; };
		6B2FF29527FF222B001FCD4B /* TodolistMainViewController.swift */ = {isa = PBXFileReference; lastKnownFileType = sourcecode.swift; path = TodolistMainViewController.swift; sourceTree = "<group>"; };
		6B2FF29827FF222B001FCD4B /* Base */ = {isa = PBXFileReference; lastKnownFileType = file.storyboard; name = Base; path = Base.lproj/TodolistMainViewController.storyboard; sourceTree = "<group>"; };
		6B2FF29A27FF222C001FCD4B /* Assets.xcassets */ = {isa = PBXFileReference; lastKnownFileType = folder.assetcatalog; path = Assets.xcassets; sourceTree = "<group>"; };
		6B2FF29D27FF222C001FCD4B /* Base */ = {isa = PBXFileReference; lastKnownFileType = file.storyboard; name = Base; path = Base.lproj/LaunchScreen.storyboard; sourceTree = "<group>"; };
		6B2FF29F27FF222C001FCD4B /* Info.plist */ = {isa = PBXFileReference; lastKnownFileType = text.plist.xml; path = Info.plist; sourceTree = "<group>"; };
		6BEA0BFE281BF934007E7065 /* TabbarController.storyboard */ = {isa = PBXFileReference; lastKnownFileType = file.storyboard; path = TabbarController.storyboard; sourceTree = "<group>"; };
		6BEA0C00281BF9BC007E7065 /* FavouritesViewController.swift */ = {isa = PBXFileReference; lastKnownFileType = sourcecode.swift; path = FavouritesViewController.swift; sourceTree = "<group>"; };
		6BEA0C02281BF9F9007E7065 /* FavourtiesViewController.storyboard */ = {isa = PBXFileReference; lastKnownFileType = file.storyboard; path = FavourtiesViewController.storyboard; sourceTree = "<group>"; };
		6BEA0C04281BFA2B007E7065 /* SearchViewController.swift */ = {isa = PBXFileReference; lastKnownFileType = sourcecode.swift; path = SearchViewController.swift; sourceTree = "<group>"; };
		6BEA0C06281BFA42007E7065 /* SearchViewController.storyboard */ = {isa = PBXFileReference; lastKnownFileType = file.storyboard; path = SearchViewController.storyboard; sourceTree = "<group>"; };
		6BEA0C08281BFA8A007E7065 /* AddItemViewController.swift */ = {isa = PBXFileReference; lastKnownFileType = sourcecode.swift; path = AddItemViewController.swift; sourceTree = "<group>"; };
		6BEA0C0A281BFA9D007E7065 /* AddItemViewController.storyboard */ = {isa = PBXFileReference; lastKnownFileType = file.storyboard; path = AddItemViewController.storyboard; sourceTree = "<group>"; };
/* End PBXFileReference section */

/* Begin PBXFrameworksBuildPhase section */
		6B2FF28B27FF222B001FCD4B /* Frameworks */ = {
			isa = PBXFrameworksBuildPhase;
			buildActionMask = 2147483647;
			files = (
			);
			runOnlyForDeploymentPostprocessing = 0;
		};
/* End PBXFrameworksBuildPhase section */

/* Begin PBXGroup section */
		6B2FF28527FF222B001FCD4B = {
			isa = PBXGroup;
			children = (
				6B2FF29027FF222B001FCD4B /* ToDoList */,
				6B2FF28F27FF222B001FCD4B /* Products */,
			);
			sourceTree = "<group>";
		};
		6B2FF28F27FF222B001FCD4B /* Products */ = {
			isa = PBXGroup;
			children = (
				6B2FF28E27FF222B001FCD4B /* ToDoList.app */,
			);
			name = Products;
			sourceTree = "<group>";
		};
		6B2FF29027FF222B001FCD4B /* ToDoList */ = {
			isa = PBXGroup;
			children = (
				6BEA0BF6281BF5A5007E7065 /* Application */,
				6BEA0BF8281BF5FA007E7065 /* Screens */,
				6BEA0BF7281BF5D6007E7065 /* Resources */,
			);
			path = ToDoList;
			sourceTree = "<group>";
		};
		6BEA0BF6281BF5A5007E7065 /* Application */ = {
			isa = PBXGroup;
			children = (
				6B2FF29127FF222B001FCD4B /* AppDelegate.swift */,
				6B2FF29C27FF222C001FCD4B /* LaunchScreen.storyboard */,
				6B2FF29F27FF222C001FCD4B /* Info.plist */,
			);
			path = Application;
			sourceTree = "<group>";
		};
		6BEA0BF7281BF5D6007E7065 /* Resources */ = {
			isa = PBXGroup;
			children = (
				6B2FF29A27FF222C001FCD4B /* Assets.xcassets */,
			);
			path = Resources;
			sourceTree = "<group>";
		};
		6BEA0BF8281BF5FA007E7065 /* Screens */ = {
			isa = PBXGroup;
			children = (
				6BEA0BFD281BF8BE007E7065 /* AddItem */,
				6BEA0BFC281BF8B5007E7065 /* Search */,
				6BEA0BFB281BF852007E7065 /* Favourites */,
				6BEA0BFA281BF83E007E7065 /* Tabbar */,
				6BEA0BF9281BF82C007E7065 /* Main */,
			);
			path = Screens;
			sourceTree = "<group>";
		};
		6BEA0BF9281BF82C007E7065 /* Main */ = {
			isa = PBXGroup;
			children = (
				6B2FF29727FF222B001FCD4B /* TodolistMainViewController.storyboard */,
				6B2FF29527FF222B001FCD4B /* TodolistMainViewController.swift */,
			);
			path = Main;
			sourceTree = "<group>";
		};
		6BEA0BFA281BF83E007E7065 /* Tabbar */ = {
			isa = PBXGroup;
			children = (
				6BEA0BFE281BF934007E7065 /* TabbarController.storyboard */,
			);
			path = Tabbar;
			sourceTree = "<group>";
		};
		6BEA0BFB281BF852007E7065 /* Favourites */ = {
			isa = PBXGroup;
			children = (
				6BEA0C00281BF9BC007E7065 /* FavouritesViewController.swift */,
				6BEA0C02281BF9F9007E7065 /* FavourtiesViewController.storyboard */,
			);
			path = Favourites;
			sourceTree = "<group>";
		};
		6BEA0BFC281BF8B5007E7065 /* Search */ = {
			isa = PBXGroup;
			children = (
				6BEA0C04281BFA2B007E7065 /* SearchViewController.swift */,
				6BEA0C06281BFA42007E7065 /* SearchViewController.storyboard */,
			);
			path = Search;
			sourceTree = "<group>";
		};
		6BEA0BFD281BF8BE007E7065 /* AddItem */ = {
			isa = PBXGroup;
			children = (
				6BEA0C08281BFA8A007E7065 /* AddItemViewController.swift */,
				6BEA0C0A281BFA9D007E7065 /* AddItemViewController.storyboard */,
			);
			path = AddItem;
			sourceTree = "<group>";
		};
/* End PBXGroup section */

/* Begin PBXNativeTarget section */
		6B2FF28D27FF222B001FCD4B /* ToDoList */ = {
			isa = PBXNativeTarget;
			buildConfigurationList = 6B2FF2A227FF222C001FCD4B /* Build configuration list for PBXNativeTarget "ToDoList" */;
			buildPhases = (
				6B2FF28A27FF222B001FCD4B /* Sources */,
				6B2FF28B27FF222B001FCD4B /* Frameworks */,
				6B2FF28C27FF222B001FCD4B /* Resources */,
			);
			buildRules = (
			);
			dependencies = (
			);
			name = ToDoList;
			productName = ToDoList;
			productReference = 6B2FF28E27FF222B001FCD4B /* ToDoList.app */;
			productType = "com.apple.product-type.application";
		};
/* End PBXNativeTarget section */

/* Begin PBXProject section */
		6B2FF28627FF222B001FCD4B /* Project object */ = {
			isa = PBXProject;
			attributes = {
				BuildIndependentTargetsInParallel = 1;
				LastSwiftUpdateCheck = 1320;
				LastUpgradeCheck = 1320;
				TargetAttributes = {
					6B2FF28D27FF222B001FCD4B = {
						CreatedOnToolsVersion = 13.2.1;
					};
				};
			};
			buildConfigurationList = 6B2FF28927FF222B001FCD4B /* Build configuration list for PBXProject "ToDoList" */;
			compatibilityVersion = "Xcode 13.0";
			developmentRegion = en;
			hasScannedForEncodings = 0;
			knownRegions = (
				en,
				Base,
			);
			mainGroup = 6B2FF28527FF222B001FCD4B;
			productRefGroup = 6B2FF28F27FF222B001FCD4B /* Products */;
			projectDirPath = "";
			projectRoot = "";
			targets = (
				6B2FF28D27FF222B001FCD4B /* ToDoList */,
			);
		};
/* End PBXProject section */

/* Begin PBXResourcesBuildPhase section */
		6B2FF28C27FF222B001FCD4B /* Resources */ = {
			isa = PBXResourcesBuildPhase;
			buildActionMask = 2147483647;
			files = (
				6B2FF29E27FF222C001FCD4B /* LaunchScreen.storyboard in Resources */,
				6BEA0C03281BF9F9007E7065 /* FavourtiesViewController.storyboard in Resources */,
				6BEA0C0B281BFA9D007E7065 /* AddItemViewController.storyboard in Resources */,
				6B2FF29B27FF222C001FCD4B /* Assets.xcassets in Resources */,
				6BEA0BFF281BF934007E7065 /* TabbarController.storyboard in Resources */,
				6BEA0C07281BFA42007E7065 /* SearchViewController.storyboard in Resources */,
				6B2FF29927FF222B001FCD4B /* TodolistMainViewController.storyboard in Resources */,
			);
			runOnlyForDeploymentPostprocessing = 0;
		};
/* End PBXResourcesBuildPhase section */

/* Begin PBXSourcesBuildPhase section */
		6B2FF28A27FF222B001FCD4B /* Sources */ = {
			isa = PBXSourcesBuildPhase;
			buildActionMask = 2147483647;
			files = (
				6BEA0C09281BFA8A007E7065 /* AddItemViewController.swift in Sources */,
				6BEA0C01281BF9BC007E7065 /* FavouritesViewController.swift in Sources */,
				6B2FF29627FF222B001FCD4B /* TodolistMainViewController.swift in Sources */,
				6BEA0C05281BFA2B007E7065 /* SearchViewController.swift in Sources */,
				6B2FF29227FF222B001FCD4B /* AppDelegate.swift in Sources */,
			);
			runOnlyForDeploymentPostprocessing = 0;
		};
/* End PBXSourcesBuildPhase section */

/* Begin PBXVariantGroup section */
		6B2FF29727FF222B001FCD4B /* TodolistMainViewController.storyboard */ = {
			isa = PBXVariantGroup;
			children = (
				6B2FF29827FF222B001FCD4B /* Base */,
			);
			name = TodolistMainViewController.storyboard;
			sourceTree = "<group>";
		};
		6B2FF29C27FF222C001FCD4B /* LaunchScreen.storyboard */ = {
			isa = PBXVariantGroup;
			children = (
				6B2FF29D27FF222C001FCD4B /* Base */,
			);
			name = LaunchScreen.storyboard;
			sourceTree = "<group>";
		};
/* End PBXVariantGroup section */

/* Begin XCBuildConfiguration section */
		6B2FF2A027FF222C001FCD4B /* Debug */ = {
			isa = XCBuildConfiguration;
			buildSettings = {
				ALWAYS_SEARCH_USER_PATHS = NO;
				CLANG_ANALYZER_NONNULL = YES;
				CLANG_ANALYZER_NUMBER_OBJECT_CONVERSION = YES_AGGRESSIVE;
				CLANG_CXX_LANGUAGE_STANDARD = "gnu++17";
				CLANG_CXX_LIBRARY = "libc++";
				CLANG_ENABLE_MODULES = YES;
				CLANG_ENABLE_OBJC_ARC = YES;
				CLANG_ENABLE_OBJC_WEAK = YES;
				CLANG_WARN_BLOCK_CAPTURE_AUTORELEASING = YES;
				CLANG_WARN_BOOL_CONVERSION = YES;
				CLANG_WARN_COMMA = YES;
				CLANG_WARN_CONSTANT_CONVERSION = YES;
				CLANG_WARN_DEPRECATED_OBJC_IMPLEMENTATIONS = YES;
				CLANG_WARN_DIRECT_OBJC_ISA_USAGE = YES_ERROR;
				CLANG_WARN_DOCUMENTATION_COMMENTS = YES;
				CLANG_WARN_EMPTY_BODY = YES;
				CLANG_WARN_ENUM_CONVERSION = YES;
				CLANG_WARN_INFINITE_RECURSION = YES;
				CLANG_WARN_INT_CONVERSION = YES;
				CLANG_WARN_NON_LITERAL_NULL_CONVERSION = YES;
				CLANG_WARN_OBJC_IMPLICIT_RETAIN_SELF = YES;
				CLANG_WARN_OBJC_LITERAL_CONVERSION = YES;
				CLANG_WARN_OBJC_ROOT_CLASS = YES_ERROR;
				CLANG_WARN_QUOTED_INCLUDE_IN_FRAMEWORK_HEADER = YES;
				CLANG_WARN_RANGE_LOOP_ANALYSIS = YES;
				CLANG_WARN_STRICT_PROTOTYPES = YES;
				CLANG_WARN_SUSPICIOUS_MOVE = YES;
				CLANG_WARN_UNGUARDED_AVAILABILITY = YES_AGGRESSIVE;
				CLANG_WARN_UNREACHABLE_CODE = YES;
				CLANG_WARN__DUPLICATE_METHOD_MATCH = YES;
				COPY_PHASE_STRIP = NO;
				DEBUG_INFORMATION_FORMAT = dwarf;
				ENABLE_STRICT_OBJC_MSGSEND = YES;
				ENABLE_TESTABILITY = YES;
				GCC_C_LANGUAGE_STANDARD = gnu11;
				GCC_DYNAMIC_NO_PIC = NO;
				GCC_NO_COMMON_BLOCKS = YES;
				GCC_OPTIMIZATION_LEVEL = 0;
				GCC_PREPROCESSOR_DEFINITIONS = (
					"DEBUG=1",
					"$(inherited)",
				);
				GCC_WARN_64_TO_32_BIT_CONVERSION = YES;
				GCC_WARN_ABOUT_RETURN_TYPE = YES_ERROR;
				GCC_WARN_UNDECLARED_SELECTOR = YES;
				GCC_WARN_UNINITIALIZED_AUTOS = YES_AGGRESSIVE;
				GCC_WARN_UNUSED_FUNCTION = YES;
				GCC_WARN_UNUSED_VARIABLE = YES;
				INFOPLIST_FILE = "";
				IPHONEOS_DEPLOYMENT_TARGET = 15.2;
				MTL_ENABLE_DEBUG_INFO = INCLUDE_SOURCE;
				MTL_FAST_MATH = YES;
				ONLY_ACTIVE_ARCH = YES;
				SDKROOT = iphoneos;
				SWIFT_ACTIVE_COMPILATION_CONDITIONS = DEBUG;
				SWIFT_OPTIMIZATION_LEVEL = "-Onone";
			};
			name = Debug;
		};
		6B2FF2A127FF222C001FCD4B /* Release */ = {
			isa = XCBuildConfiguration;
			buildSettings = {
				ALWAYS_SEARCH_USER_PATHS = NO;
				CLANG_ANALYZER_NONNULL = YES;
				CLANG_ANALYZER_NUMBER_OBJECT_CONVERSION = YES_AGGRESSIVE;
				CLANG_CXX_LANGUAGE_STANDARD = "gnu++17";
				CLANG_CXX_LIBRARY = "libc++";
				CLANG_ENABLE_MODULES = YES;
				CLANG_ENABLE_OBJC_ARC = YES;
				CLANG_ENABLE_OBJC_WEAK = YES;
				CLANG_WARN_BLOCK_CAPTURE_AUTORELEASING = YES;
				CLANG_WARN_BOOL_CONVERSION = YES;
				CLANG_WARN_COMMA = YES;
				CLANG_WARN_CONSTANT_CONVERSION = YES;
				CLANG_WARN_DEPRECATED_OBJC_IMPLEMENTATIONS = YES;
				CLANG_WARN_DIRECT_OBJC_ISA_USAGE = YES_ERROR;
				CLANG_WARN_DOCUMENTATION_COMMENTS = YES;
				CLANG_WARN_EMPTY_BODY = YES;
				CLANG_WARN_ENUM_CONVERSION = YES;
				CLANG_WARN_INFINITE_RECURSION = YES;
				CLANG_WARN_INT_CONVERSION = YES;
				CLANG_WARN_NON_LITERAL_NULL_CONVERSION = YES;
				CLANG_WARN_OBJC_IMPLICIT_RETAIN_SELF = YES;
				CLANG_WARN_OBJC_LITERAL_CONVERSION = YES;
				CLANG_WARN_OBJC_ROOT_CLASS = YES_ERROR;
				CLANG_WARN_QUOTED_INCLUDE_IN_FRAMEWORK_HEADER = YES;
				CLANG_WARN_RANGE_LOOP_ANALYSIS = YES;
				CLANG_WARN_STRICT_PROTOTYPES = YES;
				CLANG_WARN_SUSPICIOUS_MOVE = YES;
				CLANG_WARN_UNGUARDED_AVAILABILITY = YES_AGGRESSIVE;
				CLANG_WARN_UNREACHABLE_CODE = YES;
				CLANG_WARN__DUPLICATE_METHOD_MATCH = YES;
				COPY_PHASE_STRIP = NO;
				DEBUG_INFORMATION_FORMAT = "dwarf-with-dsym";
				ENABLE_NS_ASSERTIONS = NO;
				ENABLE_STRICT_OBJC_MSGSEND = YES;
				GCC_C_LANGUAGE_STANDARD = gnu11;
				GCC_NO_COMMON_BLOCKS = YES;
				GCC_WARN_64_TO_32_BIT_CONVERSION = YES;
				GCC_WARN_ABOUT_RETURN_TYPE = YES_ERROR;
				GCC_WARN_UNDECLARED_SELECTOR = YES;
				GCC_WARN_UNINITIALIZED_AUTOS = YES_AGGRESSIVE;
				GCC_WARN_UNUSED_FUNCTION = YES;
				GCC_WARN_UNUSED_VARIABLE = YES;
				INFOPLIST_FILE = "";
				IPHONEOS_DEPLOYMENT_TARGET = 15.2;
				MTL_ENABLE_DEBUG_INFO = NO;
				MTL_FAST_MATH = YES;
				SDKROOT = iphoneos;
				SWIFT_COMPILATION_MODE = wholemodule;
				SWIFT_OPTIMIZATION_LEVEL = "-O";
				VALIDATE_PRODUCT = YES;
			};
			name = Release;
		};
		6B2FF2A327FF222C001FCD4B /* Debug */ = {
			isa = XCBuildConfiguration;
			buildSettings = {
				ASSETCATALOG_COMPILER_APPICON_NAME = AppIcon;
				ASSETCATALOG_COMPILER_GLOBAL_ACCENT_COLOR_NAME = AccentColor;
				CODE_SIGN_STYLE = Automatic;
				CURRENT_PROJECT_VERSION = 1;
				DEVELOPMENT_TEAM = 9WV28BAK63;
				GENERATE_INFOPLIST_FILE = YES;
				INFOPLIST_FILE = ToDoList/Application/Info.plist;
				INFOPLIST_KEY_UIApplicationSupportsIndirectInputEvents = YES;
				INFOPLIST_KEY_UILaunchStoryboardName = LaunchScreen;
				INFOPLIST_KEY_UIMainStoryboardFile = TabbarController;
				INFOPLIST_KEY_UISupportedInterfaceOrientations = "UIInterfaceOrientationPortrait UIInterfaceOrientationLandscapeLeft UIInterfaceOrientationLandscapeRight";
				INFOPLIST_KEY_UISupportedInterfaceOrientations_iPad = "UIInterfaceOrientationPortrait UIInterfaceOrientationPortraitUpsideDown UIInterfaceOrientationLandscapeLeft UIInterfaceOrientationLandscapeRight";
				INFOPLIST_KEY_UISupportedInterfaceOrientations_iPhone = "UIInterfaceOrientationPortrait UIInterfaceOrientationLandscapeLeft UIInterfaceOrientationLandscapeRight";
				IPHONEOS_DEPLOYMENT_TARGET = 14.0;
				LD_RUNPATH_SEARCH_PATHS = (
					"$(inherited)",
					"@executable_path/Frameworks",
				);
				MARKETING_VERSION = 1.0;
				PRODUCT_BUNDLE_IDENTIFIER = sk.mistrik.ToDoList;
				PRODUCT_NAME = "$(TARGET_NAME)";
				SWIFT_EMIT_LOC_STRINGS = YES;
				SWIFT_VERSION = 5.0;
				TARGETED_DEVICE_FAMILY = "1,2";
			};
			name = Debug;
		};
		6B2FF2A427FF222C001FCD4B /* Release */ = {
			isa = XCBuildConfiguration;
			buildSettings = {
				ASSETCATALOG_COMPILER_APPICON_NAME = AppIcon;
				ASSETCATALOG_COMPILER_GLOBAL_ACCENT_COLOR_NAME = AccentColor;
				CODE_SIGN_STYLE = Automatic;
				CURRENT_PROJECT_VERSION = 1;
				DEVELOPMENT_TEAM = 9WV28BAK63;
				GENERATE_INFOPLIST_FILE = YES;
				INFOPLIST_FILE = ToDoList/Application/Info.plist;
				INFOPLIST_KEY_UIApplicationSupportsIndirectInputEvents = YES;
				INFOPLIST_KEY_UILaunchStoryboardName = LaunchScreen;
				INFOPLIST_KEY_UIMainStoryboardFile = TabbarController;
				INFOPLIST_KEY_UISupportedInterfaceOrientations = "UIInterfaceOrientationPortrait UIInterfaceOrientationLandscapeLeft UIInterfaceOrientationLandscapeRight";
				INFOPLIST_KEY_UISupportedInterfaceOrientations_iPad = "UIInterfaceOrientationPortrait UIInterfaceOrientationPortraitUpsideDown UIInterfaceOrientationLandscapeLeft UIInterfaceOrientationLandscapeRight";
				INFOPLIST_KEY_UISupportedInterfaceOrientations_iPhone = "UIInterfaceOrientationPortrait UIInterfaceOrientationLandscapeLeft UIInterfaceOrientationLandscapeRight";
				IPHONEOS_DEPLOYMENT_TARGET = 14.0;
				LD_RUNPATH_SEARCH_PATHS = (
					"$(inherited)",
					"@executable_path/Frameworks",
				);
				MARKETING_VERSION = 1.0;
				PRODUCT_BUNDLE_IDENTIFIER = sk.mistrik.ToDoList;
				PRODUCT_NAME = "$(TARGET_NAME)";
				SWIFT_EMIT_LOC_STRINGS = YES;
				SWIFT_VERSION = 5.0;
				TARGETED_DEVICE_FAMILY = "1,2";
			};
			name = Release;
		};
/* End XCBuildConfiguration section */

/* Begin XCConfigurationList section */
		6B2FF28927FF222B001FCD4B /* Build configuration list for PBXProject "ToDoList" */ = {
			isa = XCConfigurationList;
			buildConfigurations = (
				6B2FF2A027FF222C001FCD4B /* Debug */,
				6B2FF2A127FF222C001FCD4B /* Release */,
			);
			defaultConfigurationIsVisible = 0;
			defaultConfigurationName = Release;
		};
		6B2FF2A227FF222C001FCD4B /* Build configuration list for PBXNativeTarget "ToDoList" */ = {
			isa = XCConfigurationList;
			buildConfigurations = (
				6B2FF2A327FF222C001FCD4B /* Debug */,
				6B2FF2A427FF222C001FCD4B /* Release */,
			);
			defaultConfigurationIsVisible = 0;
			defaultConfigurationName = Release;
		};
/* End XCConfigurationList section */
	};
	rootObject = 6B2FF28627FF222B001FCD4B /* Project object */;
}
